PODS:
  - FMDB (2.6.2):
    - FMDB/standard (= 2.6.2)
  - FMDB/standard (2.6.2)
  - HPDatabaseProvider (0.1.0):
    - FMDB

DEPENDENCIES:
  - HPDatabaseProvider (from `../`)

EXTERNAL SOURCES:
  HPDatabaseProvider:
    :path: "../"

SPEC CHECKSUMS:
  FMDB: 854a0341b4726e53276f2a8996f06f1b80f9259a
  HPDatabaseProvider: 16b170e77ede5835a3111803ce8897cc11e9592c

PODFILE CHECKSUM: f513d0ef8992bf71f7bb222b48ec093c6d3f612a

COCOAPODS: 1.1.1
